// !$*UTF8*$!
{
	archiveVersion = 1;
	classes = {
	};
	objectVersion = 46;
	objects = {

/* Begin PBXBuildFile section */
		4C0BC5B513DA1D15003360E2 /* Cocoa.framework in Frameworks */ = {isa = PBXBuildFile; fileRef = 4C74A61413A2BFA100E7DBF6 /* Cocoa.framework */; };
		4C21F24513C2691600462C43 /* PTUserWindowController.m in Sources */ = {isa = PBXBuildFile; fileRef = 4C21F24413C2691600462C43 /* PTUserWindowController.m */; };
		4C21F24913C26C6600462C43 /* PTUserManagementController.m in Sources */ = {isa = PBXBuildFile; fileRef = 4C21F24713C26C6600462C43 /* PTUserManagementController.m */; };
		4C21F24B13C2741400462C43 /* PTUserManagementView.xib in Resources */ = {isa = PBXBuildFile; fileRef = 4C21F24D13C2741400462C43 /* PTUserManagementView.xib */; };
		4C21F25013C2742400462C43 /* PTUserManagementWindow.xib in Resources */ = {isa = PBXBuildFile; fileRef = 4C21F25213C2742400462C43 /* PTUserManagementWindow.xib */; };
		4C23BB2513DA1F5400E18E43 /* CoreServices.framework in Frameworks */ = {isa = PBXBuildFile; fileRef = 4C0BC5B113DA1C60003360E2 /* CoreServices.framework */; };
		4C23BB2613DA1F5400E18E43 /* CoreFoundation.framework in Frameworks */ = {isa = PBXBuildFile; fileRef = 4C0BC5AF13DA1C4A003360E2 /* CoreFoundation.framework */; };
		4C23BB2713DA1F5400E18E43 /* CoreData.framework in Frameworks */ = {isa = PBXBuildFile; fileRef = 4C0BC5AD13DA1B9B003360E2 /* CoreData.framework */; };
		4C23BB2813DA1F5400E18E43 /* Foundation.framework in Frameworks */ = {isa = PBXBuildFile; fileRef = 4C0BC5B313DA1CC9003360E2 /* Foundation.framework */; };
		4C23BB2E13DA1F5400E18E43 /* InfoPlist.strings in Resources */ = {isa = PBXBuildFile; fileRef = 4C23BB2C13DA1F5400E18E43 /* InfoPlist.strings */; };
		4C23BB3013DA1F5400E18E43 /* main.c in Sources */ = {isa = PBXBuildFile; fileRef = 4C23BB2F13DA1F5400E18E43 /* main.c */; };
		4C23BB3213DA1F5400E18E43 /* GetMetadataForFile.m in Sources */ = {isa = PBXBuildFile; fileRef = 4C23BB3113DA1F5400E18E43 /* GetMetadataForFile.m */; };
		4C23BB3513DA1F5400E18E43 /* MySpotlightImporter.m in Sources */ = {isa = PBXBuildFile; fileRef = 4C23BB3413DA1F5400E18E43 /* MySpotlightImporter.m */; };
		4C74A61F13A2BFA100E7DBF6 /* InfoPlist.strings in Resources */ = {isa = PBXBuildFile; fileRef = 4C74A61D13A2BFA100E7DBF6 /* InfoPlist.strings */; };
		4C74A62113A2BFA100E7DBF6 /* main.m in Sources */ = {isa = PBXBuildFile; fileRef = 4C74A62013A2BFA100E7DBF6 /* main.m */; };
		4C74A62513A2BFA100E7DBF6 /* Credits.rtf in Resources */ = {isa = PBXBuildFile; fileRef = 4C74A62313A2BFA100E7DBF6 /* Credits.rtf */; };
		4C74A62813A2BFA100E7DBF6 /* ProjetaAppDelegate.m in Sources */ = {isa = PBXBuildFile; fileRef = 4C74A62713A2BFA100E7DBF6 /* ProjetaAppDelegate.m */; };
		4C74A62B13A2BFA100E7DBF6 /* MainMenu.xib in Resources */ = {isa = PBXBuildFile; fileRef = 4C74A62913A2BFA100E7DBF6 /* MainMenu.xib */; };
		4C74A62E13A2BFA100E7DBF6 /* Projeta.xcdatamodeld in Sources */ = {isa = PBXBuildFile; fileRef = 4C74A62C13A2BFA100E7DBF6 /* Projeta.xcdatamodeld */; };
		4C74A63613A2BFA100E7DBF6 /* SenTestingKit.framework in Frameworks */ = {isa = PBXBuildFile; fileRef = 4C74A63513A2BFA100E7DBF6 /* SenTestingKit.framework */; };
		4C74A63713A2BFA100E7DBF6 /* Cocoa.framework in Frameworks */ = {isa = PBXBuildFile; fileRef = 4C74A61413A2BFA100E7DBF6 /* Cocoa.framework */; };
		4C74A63F13A2BFA100E7DBF6 /* InfoPlist.strings in Resources */ = {isa = PBXBuildFile; fileRef = 4C74A63D13A2BFA100E7DBF6 /* InfoPlist.strings */; };
		4C74A64113A2BFA100E7DBF6 /* ProjetaTests.h in Resources */ = {isa = PBXBuildFile; fileRef = 4C74A64013A2BFA100E7DBF6 /* ProjetaTests.h */; };
		4C74A64313A2BFA100E7DBF6 /* ProjetaTests.m in Sources */ = {isa = PBXBuildFile; fileRef = 4C74A64213A2BFA100E7DBF6 /* ProjetaTests.m */; };
		4CBCE9C013ABC22200835F30 /* MainWindowController.m in Sources */ = {isa = PBXBuildFile; fileRef = 4CBCE9BF13ABC22200835F30 /* MainWindowController.m */; };
		4CBCEA2013AD180200835F30 /* PreferencesController.m in Sources */ = {isa = PBXBuildFile; fileRef = 4CBCEA1F13AD180200835F30 /* PreferencesController.m */; };
		4CBCEA2313AD407600835F30 /* MainWindow.xib in Resources */ = {isa = PBXBuildFile; fileRef = 4CBCEA2513AD407600835F30 /* MainWindow.xib */; };
		4CBCEA2A13AD40DF00835F30 /* Preferences.xib in Resources */ = {isa = PBXBuildFile; fileRef = 4CBCEA2C13AD40DF00835F30 /* Preferences.xib */; };
		4CF363C013D342D300F5A4F6 /* User.m in Sources */ = {isa = PBXBuildFile; fileRef = 4CF363BC13D342D300F5A4F6 /* User.m */; };
		4CF363C113D342D300F5A4F6 /* PTUser.m in Sources */ = {isa = PBXBuildFile; fileRef = 4CF363BE13D342D300F5A4F6 /* PTUser.m */; };
/* End PBXBuildFile section */

/* Begin PBXContainerItemProxy section */
		4C74A63813A2BFA100E7DBF6 /* PBXContainerItemProxy */ = {
			isa = PBXContainerItemProxy;
			containerPortal = 4C74A60713A2BFA100E7DBF6 /* Project object */;
			proxyType = 1;
			remoteGlobalIDString = 4C74A60F13A2BFA100E7DBF6;
			remoteInfo = Projeta;
		};
/* End PBXContainerItemProxy section */

/* Begin PBXFileReference section */
		4C0BC5AD13DA1B9B003360E2 /* CoreData.framework */ = {isa = PBXFileReference; lastKnownFileType = wrapper.framework; name = CoreData.framework; path = System/Library/Frameworks/CoreData.framework; sourceTree = SDKROOT; };
		4C0BC5AF13DA1C4A003360E2 /* CoreFoundation.framework */ = {isa = PBXFileReference; lastKnownFileType = wrapper.framework; name = CoreFoundation.framework; path = System/Library/Frameworks/CoreFoundation.framework; sourceTree = SDKROOT; };
		4C0BC5B113DA1C60003360E2 /* CoreServices.framework */ = {isa = PBXFileReference; lastKnownFileType = wrapper.framework; name = CoreServices.framework; path = System/Library/Frameworks/CoreServices.framework; sourceTree = SDKROOT; };
		4C0BC5B313DA1CC9003360E2 /* Foundation.framework */ = {isa = PBXFileReference; lastKnownFileType = wrapper.framework; name = Foundation.framework; path = System/Library/Frameworks/Foundation.framework; sourceTree = SDKROOT; };
		4C21F24313C2691600462C43 /* PTUserManagementWindowController.h */ = {isa = PBXFileReference; fileEncoding = 4; lastKnownFileType = sourcecode.c.h; path = PTUserManagementWindowController.h; sourceTree = "<group>"; };
		4C21F24413C2691600462C43 /* PTUserWindowController.m */ = {isa = PBXFileReference; fileEncoding = 4; lastKnownFileType = sourcecode.c.objc; path = PTUserWindowController.m; sourceTree = "<group>"; };
		4C21F24613C26C6600462C43 /* PTUserManagementViewController.h */ = {isa = PBXFileReference; fileEncoding = 4; lastKnownFileType = sourcecode.c.h; path = PTUserManagementViewController.h; sourceTree = "<group>"; };
		4C21F24713C26C6600462C43 /* PTUserManagementController.m */ = {isa = PBXFileReference; fileEncoding = 4; lastKnownFileType = sourcecode.c.objc; path = PTUserManagementController.m; sourceTree = "<group>"; };
		4C21F24C13C2741400462C43 /* en */ = {isa = PBXFileReference; lastKnownFileType = file.xib; name = en; path = en.lproj/PTUserManagementView.xib; sourceTree = "<group>"; };
		4C21F24E13C2741A00462C43 /* de */ = {isa = PBXFileReference; lastKnownFileType = file.xib; name = de; path = de.lproj/PTUserManagementView.xib; sourceTree = "<group>"; };
		4C21F24F13C2741A00462C43 /* fr */ = {isa = PBXFileReference; lastKnownFileType = file.xib; name = fr; path = fr.lproj/PTUserManagementView.xib; sourceTree = "<group>"; };
		4C21F25113C2742400462C43 /* en */ = {isa = PBXFileReference; lastKnownFileType = file.xib; name = en; path = en.lproj/PTUserManagementWindow.xib; sourceTree = "<group>"; };
		4C21F25313C2742A00462C43 /* fr */ = {isa = PBXFileReference; lastKnownFileType = file.xib; name = fr; path = fr.lproj/PTUserManagementWindow.xib; sourceTree = "<group>"; };
		4C21F25413C2742A00462C43 /* de */ = {isa = PBXFileReference; lastKnownFileType = file.xib; name = de; path = de.lproj/PTUserManagementWindow.xib; sourceTree = "<group>"; };
		4C23BB2413DA1F5400E18E43 /* ProjetaImporter.mdimporter */ = {isa = PBXFileReference; explicitFileType = wrapper.cfbundle; includeInIndex = 0; path = ProjetaImporter.mdimporter; sourceTree = BUILT_PRODUCTS_DIR; };
		4C23BB2B13DA1F5400E18E43 /* ProjetaImporter-Info.plist */ = {isa = PBXFileReference; lastKnownFileType = text.plist.xml; path = "ProjetaImporter-Info.plist"; sourceTree = "<group>"; };
		4C23BB2D13DA1F5400E18E43 /* en */ = {isa = PBXFileReference; lastKnownFileType = text.plist.strings; name = en; path = en.lproj/InfoPlist.strings; sourceTree = "<group>"; };
		4C23BB2F13DA1F5400E18E43 /* main.c */ = {isa = PBXFileReference; lastKnownFileType = sourcecode.c.c; path = main.c; sourceTree = "<group>"; };
		4C23BB3113DA1F5400E18E43 /* GetMetadataForFile.m */ = {isa = PBXFileReference; lastKnownFileType = sourcecode.c.objc; path = GetMetadataForFile.m; sourceTree = "<group>"; };
		4C23BB3313DA1F5400E18E43 /* MySpotlightImporter.h */ = {isa = PBXFileReference; lastKnownFileType = sourcecode.c.h; path = MySpotlightImporter.h; sourceTree = "<group>"; };
		4C23BB3413DA1F5400E18E43 /* MySpotlightImporter.m */ = {isa = PBXFileReference; lastKnownFileType = sourcecode.c.objc; path = MySpotlightImporter.m; sourceTree = "<group>"; };
		4C23BB3613DA1F5400E18E43 /* Importer Read Me.txt */ = {isa = PBXFileReference; lastKnownFileType = text; path = "Importer Read Me.txt"; sourceTree = "<group>"; };
		4C23BB3713DA1F5400E18E43 /* ProjetaImporter-Prefix.pch */ = {isa = PBXFileReference; lastKnownFileType = sourcecode.c.h; path = "ProjetaImporter-Prefix.pch"; sourceTree = "<group>"; };
		4C74A61013A2BFA100E7DBF6 /* Projeta.app */ = {isa = PBXFileReference; explicitFileType = wrapper.application; includeInIndex = 0; path = Projeta.app; sourceTree = BUILT_PRODUCTS_DIR; };
		4C74A61413A2BFA100E7DBF6 /* Cocoa.framework */ = {isa = PBXFileReference; lastKnownFileType = wrapper.framework; name = Cocoa.framework; path = System/Library/Frameworks/Cocoa.framework; sourceTree = SDKROOT; };
		4C74A61713A2BFA100E7DBF6 /* AppKit.framework */ = {isa = PBXFileReference; lastKnownFileType = wrapper.framework; name = AppKit.framework; path = System/Library/Frameworks/AppKit.framework; sourceTree = SDKROOT; };
		4C74A61813A2BFA100E7DBF6 /* CoreData.framework */ = {isa = PBXFileReference; lastKnownFileType = wrapper.framework; name = CoreData.framework; path = System/Library/Frameworks/CoreData.framework; sourceTree = SDKROOT; };
		4C74A61913A2BFA100E7DBF6 /* Foundation.framework */ = {isa = PBXFileReference; lastKnownFileType = wrapper.framework; name = Foundation.framework; path = System/Library/Frameworks/Foundation.framework; sourceTree = SDKROOT; };
		4C74A61C13A2BFA100E7DBF6 /* Projeta-Info.plist */ = {isa = PBXFileReference; lastKnownFileType = text.plist.xml; path = "Projeta-Info.plist"; sourceTree = "<group>"; };
		4C74A61E13A2BFA100E7DBF6 /* en */ = {isa = PBXFileReference; lastKnownFileType = text.plist.strings; name = en; path = en.lproj/InfoPlist.strings; sourceTree = "<group>"; };
		4C74A62013A2BFA100E7DBF6 /* main.m */ = {isa = PBXFileReference; lastKnownFileType = sourcecode.c.objc; path = main.m; sourceTree = "<group>"; };
		4C74A62213A2BFA100E7DBF6 /* Projeta-Prefix.pch */ = {isa = PBXFileReference; lastKnownFileType = sourcecode.c.h; path = "Projeta-Prefix.pch"; sourceTree = "<group>"; };
		4C74A62413A2BFA100E7DBF6 /* en */ = {isa = PBXFileReference; lastKnownFileType = text.rtf; name = en; path = en.lproj/Credits.rtf; sourceTree = "<group>"; };
		4C74A62613A2BFA100E7DBF6 /* ProjetaAppDelegate.h */ = {isa = PBXFileReference; lastKnownFileType = sourcecode.c.h; path = ProjetaAppDelegate.h; sourceTree = "<group>"; };
		4C74A62713A2BFA100E7DBF6 /* ProjetaAppDelegate.m */ = {isa = PBXFileReference; lastKnownFileType = sourcecode.c.objc; path = ProjetaAppDelegate.m; sourceTree = "<group>"; };
		4C74A62A13A2BFA100E7DBF6 /* en */ = {isa = PBXFileReference; lastKnownFileType = file.xib; name = en; path = en.lproj/MainMenu.xib; sourceTree = "<group>"; };
		4C74A62D13A2BFA100E7DBF6 /* Projeta.xcdatamodel */ = {isa = PBXFileReference; lastKnownFileType = wrapper.xcdatamodel; path = Projeta.xcdatamodel; sourceTree = "<group>"; };
		4C74A63413A2BFA100E7DBF6 /* ProjetaTests.octest */ = {isa = PBXFileReference; explicitFileType = wrapper.cfbundle; includeInIndex = 0; path = ProjetaTests.octest; sourceTree = BUILT_PRODUCTS_DIR; };
		4C74A63513A2BFA100E7DBF6 /* SenTestingKit.framework */ = {isa = PBXFileReference; lastKnownFileType = wrapper.framework; name = SenTestingKit.framework; path = Library/Frameworks/SenTestingKit.framework; sourceTree = DEVELOPER_DIR; };
		4C74A63C13A2BFA100E7DBF6 /* ProjetaTests-Info.plist */ = {isa = PBXFileReference; lastKnownFileType = text.plist.xml; path = "ProjetaTests-Info.plist"; sourceTree = "<group>"; };
		4C74A63E13A2BFA100E7DBF6 /* en */ = {isa = PBXFileReference; lastKnownFileType = text.plist.strings; name = en; path = en.lproj/InfoPlist.strings; sourceTree = "<group>"; };
		4C74A64013A2BFA100E7DBF6 /* ProjetaTests.h */ = {isa = PBXFileReference; lastKnownFileType = sourcecode.c.h; path = ProjetaTests.h; sourceTree = "<group>"; };
		4C74A64213A2BFA100E7DBF6 /* ProjetaTests.m */ = {isa = PBXFileReference; lastKnownFileType = sourcecode.c.objc; path = ProjetaTests.m; sourceTree = "<group>"; };
		4CBCE9BE13ABC22200835F30 /* MainWindowController.h */ = {isa = PBXFileReference; fileEncoding = 4; lastKnownFileType = sourcecode.c.h; path = MainWindowController.h; sourceTree = "<group>"; };
		4CBCE9BF13ABC22200835F30 /* MainWindowController.m */ = {isa = PBXFileReference; fileEncoding = 4; lastKnownFileType = sourcecode.c.objc; path = MainWindowController.m; sourceTree = "<group>"; };
		4CBCEA1E13AD180200835F30 /* PreferencesController.h */ = {isa = PBXFileReference; fileEncoding = 4; lastKnownFileType = sourcecode.c.h; path = PreferencesController.h; sourceTree = "<group>"; };
		4CBCEA1F13AD180200835F30 /* PreferencesController.m */ = {isa = PBXFileReference; fileEncoding = 4; lastKnownFileType = sourcecode.c.objc; path = PreferencesController.m; sourceTree = "<group>"; };
		4CBCEA2113AD406400835F30 /* fr */ = {isa = PBXFileReference; lastKnownFileType = file.xib; name = fr; path = fr.lproj/MainMenu.xib; sourceTree = "<group>"; };
		4CBCEA2213AD406800835F30 /* de */ = {isa = PBXFileReference; lastKnownFileType = file.xib; name = de; path = de.lproj/MainMenu.xib; sourceTree = "<group>"; };
		4CBCEA2413AD407600835F30 /* en */ = {isa = PBXFileReference; lastKnownFileType = file.xib; name = en; path = en.lproj/MainWindow.xib; sourceTree = "<group>"; };
		4CBCEA2613AD408500835F30 /* fr */ = {isa = PBXFileReference; lastKnownFileType = file.xib; name = fr; path = fr.lproj/MainWindow.xib; sourceTree = "<group>"; };
		4CBCEA2913AD40CE00835F30 /* de */ = {isa = PBXFileReference; lastKnownFileType = file.xib; name = de; path = de.lproj/MainWindow.xib; sourceTree = "<group>"; };
		4CBCEA2B13AD40DF00835F30 /* en */ = {isa = PBXFileReference; lastKnownFileType = file.xib; name = en; path = en.lproj/Preferences.xib; sourceTree = "<group>"; };
		4CBCEA2D13AD40EC00835F30 /* fr */ = {isa = PBXFileReference; lastKnownFileType = file.xib; name = fr; path = fr.lproj/Preferences.xib; sourceTree = "<group>"; };
		4CBCEA2E13AD40F500835F30 /* de */ = {isa = PBXFileReference; lastKnownFileType = file.xib; name = de; path = de.lproj/Preferences.xib; sourceTree = "<group>"; };
		4CF363BC13D342D300F5A4F6 /* User.m */ = {isa = PBXFileReference; fileEncoding = 4; lastKnownFileType = sourcecode.c.objc; path = User.m; sourceTree = "<group>"; };
		4CF363BD13D342D300F5A4F6 /* User.h */ = {isa = PBXFileReference; fileEncoding = 4; lastKnownFileType = sourcecode.c.h; path = User.h; sourceTree = "<group>"; };
		4CF363BE13D342D300F5A4F6 /* PTUser.m */ = {isa = PBXFileReference; fileEncoding = 4; lastKnownFileType = sourcecode.c.objc; path = PTUser.m; sourceTree = "<group>"; };
		4CF363BF13D342D300F5A4F6 /* PTUser.h */ = {isa = PBXFileReference; fileEncoding = 4; lastKnownFileType = sourcecode.c.h; path = PTUser.h; sourceTree = "<group>"; };
/* End PBXFileReference section */

/* Begin PBXFrameworksBuildPhase section */
		4C23BB2113DA1F5400E18E43 /* Frameworks */ = {
			isa = PBXFrameworksBuildPhase;
			buildActionMask = 2147483647;
			files = (
				4C23BB2513DA1F5400E18E43 /* CoreServices.framework in Frameworks */,
				4C23BB2613DA1F5400E18E43 /* CoreFoundation.framework in Frameworks */,
				4C23BB2713DA1F5400E18E43 /* CoreData.framework in Frameworks */,
				4C23BB2813DA1F5400E18E43 /* Foundation.framework in Frameworks */,
			);
			runOnlyForDeploymentPostprocessing = 0;
		};
		4C74A60D13A2BFA100E7DBF6 /* Frameworks */ = {
			isa = PBXFrameworksBuildPhase;
			buildActionMask = 2147483647;
			files = (
				4C0BC5B513DA1D15003360E2 /* Cocoa.framework in Frameworks */,
			);
			runOnlyForDeploymentPostprocessing = 0;
		};
		4C74A63013A2BFA100E7DBF6 /* Frameworks */ = {
			isa = PBXFrameworksBuildPhase;
			buildActionMask = 2147483647;
			files = (
				4C74A63613A2BFA100E7DBF6 /* SenTestingKit.framework in Frameworks */,
				4C74A63713A2BFA100E7DBF6 /* Cocoa.framework in Frameworks */,
			);
			runOnlyForDeploymentPostprocessing = 0;
		};
/* End PBXFrameworksBuildPhase section */

/* Begin PBXGroup section */
		4C21F23C13C264CC00462C43 /* Users */ = {
			isa = PBXGroup;
			children = (
				4C21F24613C26C6600462C43 /* PTUserManagementViewController.h */,
				4C21F24713C26C6600462C43 /* PTUserManagementController.m */,
				4C21F24D13C2741400462C43 /* PTUserManagementView.xib */,
				4C21F24313C2691600462C43 /* PTUserManagementWindowController.h */,
				4C21F24413C2691600462C43 /* PTUserWindowController.m */,
				4C21F25213C2742400462C43 /* PTUserManagementWindow.xib */,
			);
			name = Users;
			sourceTree = "<group>";
		};
		4C23BB2913DA1F5400E18E43 /* ProjetaImporter */ = {
			isa = PBXGroup;
			children = (
				4C23BB3113DA1F5400E18E43 /* GetMetadataForFile.m */,
				4C23BB3313DA1F5400E18E43 /* MySpotlightImporter.h */,
				4C23BB3413DA1F5400E18E43 /* MySpotlightImporter.m */,
				4C23BB3613DA1F5400E18E43 /* Importer Read Me.txt */,
				4C23BB2A13DA1F5400E18E43 /* Supporting Files */,
			);
			path = ProjetaImporter;
			sourceTree = "<group>";
		};
		4C23BB2A13DA1F5400E18E43 /* Supporting Files */ = {
			isa = PBXGroup;
			children = (
				4C23BB2B13DA1F5400E18E43 /* ProjetaImporter-Info.plist */,
				4C23BB2C13DA1F5400E18E43 /* InfoPlist.strings */,
				4C23BB2F13DA1F5400E18E43 /* main.c */,
				4C23BB3713DA1F5400E18E43 /* ProjetaImporter-Prefix.pch */,
			);
			name = "Supporting Files";
			sourceTree = "<group>";
		};
		4C74A60513A2BFA100E7DBF6 = {
			isa = PBXGroup;
			children = (
				4C74A61A13A2BFA100E7DBF6 /* Projeta */,
				4C74A63A13A2BFA100E7DBF6 /* ProjetaTests */,
				4C23BB2913DA1F5400E18E43 /* ProjetaImporter */,
				4C74A61313A2BFA100E7DBF6 /* Frameworks */,
				4C74A61113A2BFA100E7DBF6 /* Products */,
			);
			sourceTree = "<group>";
		};
		4C74A61113A2BFA100E7DBF6 /* Products */ = {
			isa = PBXGroup;
			children = (
				4C74A61013A2BFA100E7DBF6 /* Projeta.app */,
				4C74A63413A2BFA100E7DBF6 /* ProjetaTests.octest */,
				4C23BB2413DA1F5400E18E43 /* ProjetaImporter.mdimporter */,
			);
			name = Products;
			sourceTree = "<group>";
		};
		4C74A61313A2BFA100E7DBF6 /* Frameworks */ = {
			isa = PBXGroup;
			children = (
				4C74A61413A2BFA100E7DBF6 /* Cocoa.framework */,
				4C74A63513A2BFA100E7DBF6 /* SenTestingKit.framework */,
				4C0BC5B113DA1C60003360E2 /* CoreServices.framework */,
				4C0BC5AF13DA1C4A003360E2 /* CoreFoundation.framework */,
				4C0BC5AD13DA1B9B003360E2 /* CoreData.framework */,
				4C0BC5B313DA1CC9003360E2 /* Foundation.framework */,
				4C74A61613A2BFA100E7DBF6 /* Other Frameworks */,
			);
			name = Frameworks;
			sourceTree = "<group>";
		};
		4C74A61613A2BFA100E7DBF6 /* Other Frameworks */ = {
			isa = PBXGroup;
			children = (
				4C74A61713A2BFA100E7DBF6 /* AppKit.framework */,
				4C74A61813A2BFA100E7DBF6 /* CoreData.framework */,
				4C74A61913A2BFA100E7DBF6 /* Foundation.framework */,
			);
			name = "Other Frameworks";
			sourceTree = "<group>";
		};
		4C74A61A13A2BFA100E7DBF6 /* Projeta */ = {
			isa = PBXGroup;
			children = (
				4CB426B413B66BC40019B653 /* Business objects */,
				4CBCEA1B13AD161500835F30 /* Preferences */,
				4C21F23C13C264CC00462C43 /* Users */,
				4C74A62613A2BFA100E7DBF6 /* ProjetaAppDelegate.h */,
				4C74A62713A2BFA100E7DBF6 /* ProjetaAppDelegate.m */,
				4CBCE9BE13ABC22200835F30 /* MainWindowController.h */,
				4CBCE9BF13ABC22200835F30 /* MainWindowController.m */,
				4C74A62913A2BFA100E7DBF6 /* MainMenu.xib */,
				4C74A62C13A2BFA100E7DBF6 /* Projeta.xcdatamodeld */,
				4C74A61B13A2BFA100E7DBF6 /* Supporting Files */,
				4CBCEA2513AD407600835F30 /* MainWindow.xib */,
			);
			path = Projeta;
			sourceTree = "<group>";
		};
		4C74A61B13A2BFA100E7DBF6 /* Supporting Files */ = {
			isa = PBXGroup;
			children = (
				4C74A61C13A2BFA100E7DBF6 /* Projeta-Info.plist */,
				4C74A61D13A2BFA100E7DBF6 /* InfoPlist.strings */,
				4C74A62013A2BFA100E7DBF6 /* main.m */,
				4C74A62213A2BFA100E7DBF6 /* Projeta-Prefix.pch */,
				4C74A62313A2BFA100E7DBF6 /* Credits.rtf */,
			);
			name = "Supporting Files";
			sourceTree = "<group>";
		};
		4C74A63A13A2BFA100E7DBF6 /* ProjetaTests */ = {
			isa = PBXGroup;
			children = (
				4C74A64013A2BFA100E7DBF6 /* ProjetaTests.h */,
				4C74A64213A2BFA100E7DBF6 /* ProjetaTests.m */,
				4C74A63B13A2BFA100E7DBF6 /* Supporting Files */,
			);
			path = ProjetaTests;
			sourceTree = "<group>";
		};
		4C74A63B13A2BFA100E7DBF6 /* Supporting Files */ = {
			isa = PBXGroup;
			children = (
				4C74A63C13A2BFA100E7DBF6 /* ProjetaTests-Info.plist */,
				4C74A63D13A2BFA100E7DBF6 /* InfoPlist.strings */,
			);
			name = "Supporting Files";
			sourceTree = "<group>";
		};
		4CB426B413B66BC40019B653 /* Business objects */ = {
			isa = PBXGroup;
			children = (
				4CF363BC13D342D300F5A4F6 /* User.m */,
				4CF363BD13D342D300F5A4F6 /* User.h */,
				4CF363BE13D342D300F5A4F6 /* PTUser.m */,
				4CF363BF13D342D300F5A4F6 /* PTUser.h */,
			);
			name = "Business objects";
			sourceTree = "<group>";
		};
		4CBCEA1B13AD161500835F30 /* Preferences */ = {
			isa = PBXGroup;
			children = (
				4CBCEA2C13AD40DF00835F30 /* Preferences.xib */,
				4CBCEA1E13AD180200835F30 /* PreferencesController.h */,
				4CBCEA1F13AD180200835F30 /* PreferencesController.m */,
			);
			name = Preferences;
			sourceTree = "<group>";
		};
/* End PBXGroup section */

/* Begin PBXNativeTarget section */
		4C23BB2313DA1F5400E18E43 /* ProjetaImporter */ = {
			isa = PBXNativeTarget;
			buildConfigurationList = 4C23BB3A13DA1F5500E18E43 /* Build configuration list for PBXNativeTarget "ProjetaImporter" */;
			buildPhases = (
				4C23BB2013DA1F5400E18E43 /* Sources */,
				4C23BB2113DA1F5400E18E43 /* Frameworks */,
				4C23BB2213DA1F5400E18E43 /* Resources */,
			);
			buildRules = (
			);
			dependencies = (
			);
			name = ProjetaImporter;
			productName = ProjetaImporter;
			productReference = 4C23BB2413DA1F5400E18E43 /* ProjetaImporter.mdimporter */;
			productType = "com.apple.product-type.bundle";
		};
		4C74A60F13A2BFA100E7DBF6 /* Projeta */ = {
			isa = PBXNativeTarget;
			buildConfigurationList = 4C74A64613A2BFA100E7DBF6 /* Build configuration list for PBXNativeTarget "Projeta" */;
			buildPhases = (
				4C74A60C13A2BFA100E7DBF6 /* Sources */,
				4C74A60D13A2BFA100E7DBF6 /* Frameworks */,
				4C74A60E13A2BFA100E7DBF6 /* Resources */,
				4CF2442513AE587C00E10E95 /* Translate NIB files */,
			);
			buildRules = (
			);
			dependencies = (
			);
			name = Projeta;
			productName = Projeta;
			productReference = 4C74A61013A2BFA100E7DBF6 /* Projeta.app */;
			productType = "com.apple.product-type.application";
		};
		4C74A63313A2BFA100E7DBF6 /* ProjetaTests */ = {
			isa = PBXNativeTarget;
			buildConfigurationList = 4C74A64913A2BFA100E7DBF6 /* Build configuration list for PBXNativeTarget "ProjetaTests" */;
			buildPhases = (
				4C74A62F13A2BFA100E7DBF6 /* Sources */,
				4C74A63013A2BFA100E7DBF6 /* Frameworks */,
				4C74A63113A2BFA100E7DBF6 /* Resources */,
				4C74A63213A2BFA100E7DBF6 /* ShellScript */,
			);
			buildRules = (
			);
			dependencies = (
				4C74A63913A2BFA100E7DBF6 /* PBXTargetDependency */,
			);
			name = ProjetaTests;
			productName = ProjetaTests;
			productReference = 4C74A63413A2BFA100E7DBF6 /* ProjetaTests.octest */;
			productType = "com.apple.product-type.bundle";
		};
/* End PBXNativeTarget section */

/* Begin PBXProject section */
		4C74A60713A2BFA100E7DBF6 /* Project object */ = {
			isa = PBXProject;
			attributes = {
				LastUpgradeCheck = 0420;
				ORGANIZATIONNAME = "Michael Wermeester";
			};
			buildConfigurationList = 4C74A60A13A2BFA100E7DBF6 /* Build configuration list for PBXProject "Projeta" */;
			compatibilityVersion = "Xcode 3.2";
			developmentRegion = English;
			hasScannedForEncodings = 0;
			knownRegions = (
				en,
				fr,
				de,
			);
			mainGroup = 4C74A60513A2BFA100E7DBF6;
			productRefGroup = 4C74A61113A2BFA100E7DBF6 /* Products */;
			projectDirPath = "";
			projectRoot = "";
			targets = (
				4C74A60F13A2BFA100E7DBF6 /* Projeta */,
				4C74A63313A2BFA100E7DBF6 /* ProjetaTests */,
				4C23BB2313DA1F5400E18E43 /* ProjetaImporter */,
			);
		};
/* End PBXProject section */

/* Begin PBXResourcesBuildPhase section */
		4C23BB2213DA1F5400E18E43 /* Resources */ = {
			isa = PBXResourcesBuildPhase;
			buildActionMask = 2147483647;
			files = (
				4C23BB2E13DA1F5400E18E43 /* InfoPlist.strings in Resources */,
			);
			runOnlyForDeploymentPostprocessing = 0;
		};
		4C74A60E13A2BFA100E7DBF6 /* Resources */ = {
			isa = PBXResourcesBuildPhase;
			buildActionMask = 2147483647;
			files = (
				4C74A61F13A2BFA100E7DBF6 /* InfoPlist.strings in Resources */,
				4C74A62513A2BFA100E7DBF6 /* Credits.rtf in Resources */,
				4C74A62B13A2BFA100E7DBF6 /* MainMenu.xib in Resources */,
				4CBCEA2313AD407600835F30 /* MainWindow.xib in Resources */,
				4CBCEA2A13AD40DF00835F30 /* Preferences.xib in Resources */,
				4C21F25013C2742400462C43 /* PTUserManagementWindow.xib in Resources */,
				4C21F24B13C2741400462C43 /* PTUserManagementView.xib in Resources */,
			);
			runOnlyForDeploymentPostprocessing = 0;
		};
		4C74A63113A2BFA100E7DBF6 /* Resources */ = {
			isa = PBXResourcesBuildPhase;
			buildActionMask = 2147483647;
			files = (
				4C74A63F13A2BFA100E7DBF6 /* InfoPlist.strings in Resources */,
				4C74A64113A2BFA100E7DBF6 /* ProjetaTests.h in Resources */,
			);
			runOnlyForDeploymentPostprocessing = 0;
		};
/* End PBXResourcesBuildPhase section */

/* Begin PBXShellScriptBuildPhase section */
		4C74A63213A2BFA100E7DBF6 /* ShellScript */ = {
			isa = PBXShellScriptBuildPhase;
			buildActionMask = 2147483647;
			files = (
			);
			inputPaths = (
			);
			outputPaths = (
			);
			runOnlyForDeploymentPostprocessing = 0;
			shellPath = /bin/sh;
			shellScript = "# Run the unit tests in this test bundle.\n\"${SYSTEM_DEVELOPER_DIR}/Tools/RunUnitTests\"\n";
		};
		4CF2442513AE587C00E10E95 /* Translate NIB files */ = {
			isa = PBXShellScriptBuildPhase;
			buildActionMask = 2147483647;
			files = (
			);
			inputPaths = (
			);
			name = "Translate NIB files";
			outputPaths = (
			);
			runOnlyForDeploymentPostprocessing = 0;
			shellPath = /bin/sh;
			shellScript = "# http://developer.casgrain.com/?p=94\n# MainWindow.xib ##################################################################\n# Extract English strings (use this to check if you added new strings to your nibs)\nibtool --generate-strings-file Projeta/en.lproj/MainWindow.strings Projeta/en.lproj/MainWindow.xib\n# Generate French interface\nibtool --strings-file Projeta/fr.lproj/MainWindow.strings --write Projeta/fr.lproj/MainWindow.xib Projeta/en.lproj/MainWindow.xib\n\n# Preferences.xib #################################################################\nibtool --generate-strings-file Projeta/en.lproj/Preferences.strings Projeta/en.lproj/Preferences.xib\n# fr\nibtool --strings-file Projeta/fr.lproj/Preferences.strings --write Projeta/fr.lproj/Preferences.xib Projeta/en.lproj/Preferences.xib";
		};
/* End PBXShellScriptBuildPhase section */

/* Begin PBXSourcesBuildPhase section */
		4C23BB2013DA1F5400E18E43 /* Sources */ = {
			isa = PBXSourcesBuildPhase;
			buildActionMask = 2147483647;
			files = (
				4C23BB3013DA1F5400E18E43 /* main.c in Sources */,
				4C23BB3213DA1F5400E18E43 /* GetMetadataForFile.m in Sources */,
				4C23BB3513DA1F5400E18E43 /* MySpotlightImporter.m in Sources */,
			);
			runOnlyForDeploymentPostprocessing = 0;
		};
		4C74A60C13A2BFA100E7DBF6 /* Sources */ = {
			isa = PBXSourcesBuildPhase;
			buildActionMask = 2147483647;
			files = (
				4C74A62113A2BFA100E7DBF6 /* main.m in Sources */,
				4C74A62813A2BFA100E7DBF6 /* ProjetaAppDelegate.m in Sources */,
				4C74A62E13A2BFA100E7DBF6 /* Projeta.xcdatamodeld in Sources */,
				4CBCE9C013ABC22200835F30 /* MainWindowController.m in Sources */,
				4CBCEA2013AD180200835F30 /* PreferencesController.m in Sources */,
				4C21F24513C2691600462C43 /* PTUserWindowController.m in Sources */,
				4C21F24913C26C6600462C43 /* PTUserManagementController.m in Sources */,
				4CF363C013D342D300F5A4F6 /* User.m in Sources */,
				4CF363C113D342D300F5A4F6 /* PTUser.m in Sources */,
			);
			runOnlyForDeploymentPostprocessing = 0;
		};
		4C74A62F13A2BFA100E7DBF6 /* Sources */ = {
			isa = PBXSourcesBuildPhase;
			buildActionMask = 2147483647;
			files = (
				4C74A64313A2BFA100E7DBF6 /* ProjetaTests.m in Sources */,
			);
			runOnlyForDeploymentPostprocessing = 0;
		};
/* End PBXSourcesBuildPhase section */

/* Begin PBXTargetDependency section */
		4C74A63913A2BFA100E7DBF6 /* PBXTargetDependency */ = {
			isa = PBXTargetDependency;
			target = 4C74A60F13A2BFA100E7DBF6 /* Projeta */;
			targetProxy = 4C74A63813A2BFA100E7DBF6 /* PBXContainerItemProxy */;
		};
/* End PBXTargetDependency section */

/* Begin PBXVariantGroup section */
		4C21F24D13C2741400462C43 /* PTUserManagementView.xib */ = {
			isa = PBXVariantGroup;
			children = (
				4C21F24C13C2741400462C43 /* en */,
				4C21F24E13C2741A00462C43 /* de */,
				4C21F24F13C2741A00462C43 /* fr */,
			);
			name = PTUserManagementView.xib;
			sourceTree = "<group>";
		};
		4C21F25213C2742400462C43 /* PTUserManagementWindow.xib */ = {
			isa = PBXVariantGroup;
			children = (
				4C21F25113C2742400462C43 /* en */,
				4C21F25313C2742A00462C43 /* fr */,
				4C21F25413C2742A00462C43 /* de */,
			);
			name = PTUserManagementWindow.xib;
			sourceTree = "<group>";
		};
		4C23BB2C13DA1F5400E18E43 /* InfoPlist.strings */ = {
			isa = PBXVariantGroup;
			children = (
				4C23BB2D13DA1F5400E18E43 /* en */,
			);
			name = InfoPlist.strings;
			sourceTree = "<group>";
		};
		4C74A61D13A2BFA100E7DBF6 /* InfoPlist.strings */ = {
			isa = PBXVariantGroup;
			children = (
				4C74A61E13A2BFA100E7DBF6 /* en */,
			);
			name = InfoPlist.strings;
			sourceTree = "<group>";
		};
		4C74A62313A2BFA100E7DBF6 /* Credits.rtf */ = {
			isa = PBXVariantGroup;
			children = (
				4C74A62413A2BFA100E7DBF6 /* en */,
			);
			name = Credits.rtf;
			sourceTree = "<group>";
		};
		4C74A62913A2BFA100E7DBF6 /* MainMenu.xib */ = {
			isa = PBXVariantGroup;
			children = (
				4C74A62A13A2BFA100E7DBF6 /* en */,
				4CBCEA2113AD406400835F30 /* fr */,
				4CBCEA2213AD406800835F30 /* de */,
			);
			name = MainMenu.xib;
			sourceTree = "<group>";
		};
		4C74A63D13A2BFA100E7DBF6 /* InfoPlist.strings */ = {
			isa = PBXVariantGroup;
			children = (
				4C74A63E13A2BFA100E7DBF6 /* en */,
			);
			name = InfoPlist.strings;
			sourceTree = "<group>";
		};
		4CBCEA2513AD407600835F30 /* MainWindow.xib */ = {
			isa = PBXVariantGroup;
			children = (
				4CBCEA2413AD407600835F30 /* en */,
				4CBCEA2613AD408500835F30 /* fr */,
				4CBCEA2913AD40CE00835F30 /* de */,
			);
			name = MainWindow.xib;
			sourceTree = "<group>";
		};
		4CBCEA2C13AD40DF00835F30 /* Preferences.xib */ = {
			isa = PBXVariantGroup;
			children = (
				4CBCEA2B13AD40DF00835F30 /* en */,
				4CBCEA2D13AD40EC00835F30 /* fr */,
				4CBCEA2E13AD40F500835F30 /* de */,
			);
			name = Preferences.xib;
			sourceTree = "<group>";
		};
/* End PBXVariantGroup section */

/* Begin XCBuildConfiguration section */
		4C23BB3813DA1F5400E18E43 /* Debug */ = {
			isa = XCBuildConfiguration;
			buildSettings = {
				ALWAYS_SEARCH_USER_PATHS = YES;
				ARCHS = "$(ARCHS_STANDARD_64_BIT)";
				GCC_PRECOMPILE_PREFIX_HEADER = YES;
				GCC_PREFIX_HEADER = "ProjetaImporter/ProjetaImporter-Prefix.pch";
				INFOPLIST_FILE = "ProjetaImporter/ProjetaImporter-Info.plist";
				INSTALL_PATH = "@executable_path/../Contents/Library/Spotlight";
				LIBRARY_STYLE = BUNDLE;
				PRODUCT_NAME = "$(TARGET_NAME)";
				SKIP_INSTALL = YES;
				WRAPPER_EXTENSION = mdimporter;
			};
			name = Debug;
		};
		4C23BB3913DA1F5400E18E43 /* Release */ = {
			isa = XCBuildConfiguration;
			buildSettings = {
				ALWAYS_SEARCH_USER_PATHS = YES;
				ARCHS = "$(ARCHS_STANDARD_64_BIT)";
				GCC_PRECOMPILE_PREFIX_HEADER = YES;
				GCC_PREFIX_HEADER = "ProjetaImporter/ProjetaImporter-Prefix.pch";
				INFOPLIST_FILE = "ProjetaImporter/ProjetaImporter-Info.plist";
				INSTALL_PATH = "@executable_path/../Contents/Library/Spotlight";
				LIBRARY_STYLE = BUNDLE;
				PRODUCT_NAME = "$(TARGET_NAME)";
				SKIP_INSTALL = YES;
				WRAPPER_EXTENSION = mdimporter;
			};
			name = Release;
		};
		4C74A64413A2BFA100E7DBF6 /* Debug */ = {
			isa = XCBuildConfiguration;
			buildSettings = {
				ALWAYS_SEARCH_USER_PATHS = NO;
				ARCHS = "$(ARCHS_STANDARD_32_64_BIT)";
				CLANG_ENABLE_OBJC_ARC = YES;
				COPY_PHASE_STRIP = NO;
				GCC_C_LANGUAGE_STANDARD = gnu99;
				GCC_DYNAMIC_NO_PIC = NO;
				GCC_ENABLE_OBJC_EXCEPTIONS = YES;
				GCC_OPTIMIZATION_LEVEL = 0;
				GCC_PREPROCESSOR_DEFINITIONS = (
					"DEBUG=1",
					"$(inherited)",
				);
				GCC_SYMBOLS_PRIVATE_EXTERN = NO;
				GCC_VERSION = com.apple.compilers.llvm.clang.1_0;
				GCC_WARN_64_TO_32_BIT_CONVERSION = YES;
				GCC_WARN_ABOUT_MISSING_PROTOTYPES = YES;
				GCC_WARN_ABOUT_RETURN_TYPE = YES;
				GCC_WARN_UNUSED_VARIABLE = YES;
				MACOSX_DEPLOYMENT_TARGET = 10.7;
				ONLY_ACTIVE_ARCH = YES;
				SDKROOT = macosx;
			};
			name = Debug;
		};
		4C74A64513A2BFA100E7DBF6 /* Release */ = {
			isa = XCBuildConfiguration;
			buildSettings = {
				ALWAYS_SEARCH_USER_PATHS = NO;
				ARCHS = "$(ARCHS_STANDARD_32_64_BIT)";
				CLANG_ENABLE_OBJC_ARC = YES;
				COPY_PHASE_STRIP = YES;
				DEBUG_INFORMATION_FORMAT = "dwarf-with-dsym";
				GCC_C_LANGUAGE_STANDARD = gnu99;
				GCC_ENABLE_OBJC_EXCEPTIONS = YES;
				GCC_VERSION = com.apple.compilers.llvm.clang.1_0;
				GCC_WARN_64_TO_32_BIT_CONVERSION = YES;
				GCC_WARN_ABOUT_MISSING_PROTOTYPES = YES;
				GCC_WARN_ABOUT_RETURN_TYPE = YES;
				GCC_WARN_UNUSED_VARIABLE = YES;
				MACOSX_DEPLOYMENT_TARGET = 10.7;
				SDKROOT = macosx;
			};
			name = Release;
		};
		4C74A64713A2BFA100E7DBF6 /* Debug */ = {
			isa = XCBuildConfiguration;
			buildSettings = {
				ARCHS = "$(ARCHS_STANDARD_32_64_BIT)";
				GCC_PRECOMPILE_PREFIX_HEADER = YES;
				GCC_PREFIX_HEADER = "Projeta/Projeta-Prefix.pch";
				INFOPLIST_FILE = "Projeta/Projeta-Info.plist";
				PRODUCT_NAME = "$(TARGET_NAME)";
				WRAPPER_EXTENSION = app;
			};
			name = Debug;
		};
		4C74A64813A2BFA100E7DBF6 /* Release */ = {
			isa = XCBuildConfiguration;
			buildSettings = {
				ARCHS = "$(ARCHS_STANDARD_32_64_BIT)";
				GCC_PRECOMPILE_PREFIX_HEADER = YES;
				GCC_PREFIX_HEADER = "Projeta/Projeta-Prefix.pch";
				INFOPLIST_FILE = "Projeta/Projeta-Info.plist";
				PRODUCT_NAME = "$(TARGET_NAME)";
				WRAPPER_EXTENSION = app;
			};
			name = Release;
		};
		4C74A64A13A2BFA100E7DBF6 /* Debug */ = {
			isa = XCBuildConfiguration;
			buildSettings = {
				BUNDLE_LOADER = "$(BUILT_PRODUCTS_DIR)/Projeta.app/Contents/MacOS/Projeta";
				FRAMEWORK_SEARCH_PATHS = "$(DEVELOPER_LIBRARY_DIR)/Frameworks";
				GCC_PRECOMPILE_PREFIX_HEADER = YES;
				GCC_PREFIX_HEADER = "Projeta/Projeta-Prefix.pch";
				INFOPLIST_FILE = "ProjetaTests/ProjetaTests-Info.plist";
				PRODUCT_NAME = "$(TARGET_NAME)";
				TEST_HOST = "$(BUNDLE_LOADER)";
				WRAPPER_EXTENSION = octest;
			};
			name = Debug;
		};
		4C74A64B13A2BFA100E7DBF6 /* Release */ = {
			isa = XCBuildConfiguration;
			buildSettings = {
				BUNDLE_LOADER = "$(BUILT_PRODUCTS_DIR)/Projeta.app/Contents/MacOS/Projeta";
				FRAMEWORK_SEARCH_PATHS = "$(DEVELOPER_LIBRARY_DIR)/Frameworks";
				GCC_PRECOMPILE_PREFIX_HEADER = YES;
				GCC_PREFIX_HEADER = "Projeta/Projeta-Prefix.pch";
				INFOPLIST_FILE = "ProjetaTests/ProjetaTests-Info.plist";
				PRODUCT_NAME = "$(TARGET_NAME)";
				TEST_HOST = "$(BUNDLE_LOADER)";
				WRAPPER_EXTENSION = octest;
			};
			name = Release;
		};
/* End XCBuildConfiguration section */

/* Begin XCConfigurationList section */
		4C23BB3A13DA1F5500E18E43 /* Build configuration list for PBXNativeTarget "ProjetaImporter" */ = {
			isa = XCConfigurationList;
			buildConfigurations = (
				4C23BB3813DA1F5400E18E43 /* Debug */,
				4C23BB3913DA1F5400E18E43 /* Release */,
			);
			defaultConfigurationIsVisible = 0;
			defaultConfigurationName = Release;
		};
		4C74A60A13A2BFA100E7DBF6 /* Build configuration list for PBXProject "Projeta" */ = {
			isa = XCConfigurationList;
			buildConfigurations = (
				4C74A64413A2BFA100E7DBF6 /* Debug */,
				4C74A64513A2BFA100E7DBF6 /* Release */,
			);
			defaultConfigurationIsVisible = 0;
			defaultConfigurationName = Release;
		};
		4C74A64613A2BFA100E7DBF6 /* Build configuration list for PBXNativeTarget "Projeta" */ = {
			isa = XCConfigurationList;
			buildConfigurations = (
				4C74A64713A2BFA100E7DBF6 /* Debug */,
				4C74A64813A2BFA100E7DBF6 /* Release */,
			);
			defaultConfigurationIsVisible = 0;
			defaultConfigurationName = Release;
		};
		4C74A64913A2BFA100E7DBF6 /* Build configuration list for PBXNativeTarget "ProjetaTests" */ = {
			isa = XCConfigurationList;
			buildConfigurations = (
				4C74A64A13A2BFA100E7DBF6 /* Debug */,
				4C74A64B13A2BFA100E7DBF6 /* Release */,
			);
			defaultConfigurationIsVisible = 0;
			defaultConfigurationName = Release;
		};
/* End XCConfigurationList section */

/* Begin XCVersionGroup section */
		4C74A62C13A2BFA100E7DBF6 /* Projeta.xcdatamodeld */ = {
			isa = XCVersionGroup;
			children = (
				4C74A62D13A2BFA100E7DBF6 /* Projeta.xcdatamodel */,
			);
			currentVersion = 4C74A62D13A2BFA100E7DBF6 /* Projeta.xcdatamodel */;
			path = Projeta.xcdatamodeld;
			sourceTree = "<group>";
			versionGroupType = wrapper.xcdatamodel;
		};
/* End XCVersionGroup section */
	};
	rootObject = 4C74A60713A2BFA100E7DBF6 /* Project object */;
}
